
Microsoft Visual Studio Solution File, Format Version 12.00
# Visual Studio Version 17
VisualStudioVersion = 17.8.34525.116
MinimumVisualStudioVersion = 10.0.40219.1
Project("{FAE04EC0-301F-11D3-BF4B-00C04F79EFBC}") = "Socks5Server", "Socks5Server\Socks5Server.csproj", "{43ABA451-964A-45BF-8AEF-2E1E50500663}"
EndProject
Global
	GlobalSection(SolutionConfigurationPlatforms) = preSolution
		Debug|Any CPU = Debug|Any CPU
		Release|Any CPU = Release|Any CPU
	EndGlobalSection
	GlobalSection(ProjectConfigurationPlatforms) = postSolution
		{43ABA451-964A-45BF-8AEF-2E1E50500663}.Debug|Any CPU.ActiveCfg = Debug|Any CPU
		{43ABA451-964A-45BF-8AEF-2E1E50500663}.Debug|Any CPU.Build.0 = Debug|Any CPU
		{43ABA451-964A-45BF-8AEF-2E1E50500663}.Release|Any CPU.ActiveCfg = Release|Any CPU
		{43ABA451-964A-45BF-8AEF-2E1E50500663}.Release|Any CPU.Build.0 = Release|Any CPU
	EndGlobalSection
	GlobalSection(SolutionProperties) = preSolution
		HideSolutionNode = FALSE
	EndGlobalSection
	GlobalSection(ExtensibilityGlobals) = postSolution
		SolutionGuid = {A6E2C193-A949-46AD-AB3C-16C22D8391C6}
	EndGlobalSection
EndGlobal
